
Microsoft Visual Studio Solution File, Format Version 12.00
# Visual Studio Version 17
VisualStudioVersion = 17.2.32616.157
MinimumVisualStudioVersion = 10.0.40219.1
Project("{FAE04EC0-301F-11D3-BF4B-00C04F79EFBC}") = "WebApplication1", "WebApplication1\WebApplication1.csproj", "{11179CE3-B95F-4F7A-9706-D92E1BE30AA3}"
EndProject
Global
	GlobalSection(SolutionConfigurationPlatforms) = preSolution
		Debug|Any CPU = Debug|Any CPU
		Release|Any CPU = Release|Any CPU
	EndGlobalSection
	GlobalSection(ProjectConfigurationPlatforms) = postSolution
		{11179CE3-B95F-4F7A-9706-D92E1BE30AA3}.Debug|Any CPU.ActiveCfg = Debug|Any CPU
		{11179CE3-B95F-4F7A-9706-D92E1BE30AA3}.Debug|Any CPU.Build.0 = Debug|Any CPU
		{11179CE3-B95F-4F7A-9706-D92E1BE30AA3}.Release|Any CPU.ActiveCfg = Release|Any CPU
		{11179CE3-B95F-4F7A-9706-D92E1BE30AA3}.Release|Any CPU.Build.0 = Release|Any CPU
	EndGlobalSection
	GlobalSection(SolutionProperties) = preSolution
		HideSolutionNode = FALSE
	EndGlobalSection
	GlobalSection(ExtensibilityGlobals) = postSolution
		SolutionGuid = {7B548E28-D771-4FB3-933E-49DA93F1EC02}
	EndGlobalSection
EndGlobal
